
Microsoft Visual Studio Solution File, Format Version 12.00
# Visual Studio Version 17
VisualStudioVersion = 17.9.34723.18
MinimumVisualStudioVersion = 10.0.40219.1
Project("{FAE04EC0-301F-11D3-BF4B-00C04F79EFBC}") = "Calculator", "Calculator\Calculator.csproj", "{A183AD6C-232D-4FF5-B211-342D160360B2}"
EndProject
Global
	GlobalSection(SolutionConfigurationPlatforms) = preSolution
		Debug|Any CPU = Debug|Any CPU
		Release|Any CPU = Release|Any CPU
	EndGlobalSection
	GlobalSection(ProjectConfigurationPlatforms) = postSolution
		{A183AD6C-232D-4FF5-B211-342D160360B2}.Debug|Any CPU.ActiveCfg = Debug|Any CPU
		{A183AD6C-232D-4FF5-B211-342D160360B2}.Debug|Any CPU.Build.0 = Debug|Any CPU
		{A183AD6C-232D-4FF5-B211-342D160360B2}.Release|Any CPU.ActiveCfg = Release|Any CPU
		{A183AD6C-232D-4FF5-B211-342D160360B2}.Release|Any CPU.Build.0 = Release|Any CPU
	EndGlobalSection
	GlobalSection(SolutionProperties) = preSolution
		HideSolutionNode = FALSE
	EndGlobalSection
	GlobalSection(ExtensibilityGlobals) = postSolution
		SolutionGuid = {64FCA6BB-D80A-453D-9FA9-17582698375E}
	EndGlobalSection
EndGlobal
